{
  "name": "crossref-fixtures",
  "version": "1.0.0",
  "lockfileVersion": 3,
  "requires": true,
  "packages": {
    "": {
      "name": "crossref-fixtures",
      "version": "1.0.0",
      "dependencies": {
        "roaring-wasm": "^1.1.0"
      }
    },
    "node_modules/roaring-wasm": {
      "version": "1.1.0",
      "resolved": "https://registry.npmjs.org/roaring-wasm/-/roaring-wasm-1.1.0.tgz",
      "integrity": "sha512-mhNqA0BOqIW7k4ZYSYe3kCyvn5T3VWT+2661G7fZH0C6XcVkGoTDLAqne7b47xCNQE6LhuYviMKBnzbOiBXkdw==",
      "license": "Apache-2.0",
      "engines": {
        "node": ">=14"
      }
    }
  }
}
